
Microsoft Visual Studio Solution File, Format Version 12.00
# Visual Studio Version 16
VisualStudioVersion = 16.0.29411.108
MinimumVisualStudioVersion = 10.0.40219.1
Project("{FAE04EC0-301F-11D3-BF4B-00C04F79EFBC}") = "TRMDataManager", "TRMDataManager\TRMDataManager.csproj", "{1C96F602-B1B1-4BFC-9BCC-1DE7C14EEFEF}"
EndProject
Global
	GlobalSection(SolutionConfigurationPlatforms) = preSolution
		Debug|Any CPU = Debug|Any CPU
		Release|Any CPU = Release|Any CPU
	EndGlobalSection
	GlobalSection(ProjectConfigurationPlatforms) = postSolution
		{1C96F602-B1B1-4BFC-9BCC-1DE7C14EEFEF}.Debug|Any CPU.ActiveCfg = Debug|Any CPU
		{1C96F602-B1B1-4BFC-9BCC-1DE7C14EEFEF}.Debug|Any CPU.Build.0 = Debug|Any CPU
		{1C96F602-B1B1-4BFC-9BCC-1DE7C14EEFEF}.Release|Any CPU.ActiveCfg = Release|Any CPU
		{1C96F602-B1B1-4BFC-9BCC-1DE7C14EEFEF}.Release|Any CPU.Build.0 = Release|Any CPU
	EndGlobalSection
	GlobalSection(SolutionProperties) = preSolution
		HideSolutionNode = FALSE
	EndGlobalSection
	GlobalSection(ExtensibilityGlobals) = postSolution
		SolutionGuid = {C4B45369-F535-4D51-88D1-D82F7EB99182}
	EndGlobalSection
EndGlobal
