
Microsoft Visual Studio Solution File, Format Version 12.00
# Visual Studio Version 16
VisualStudioVersion = 16.0.29411.108
MinimumVisualStudioVersion = 10.0.40219.1
Project("{FAE04EC0-301F-11D3-BF4B-00C04F79EFBC}") = "TRMDataManager", "TRMDataManager\TRMDataManager.csproj", "{1C96F602-B1B1-4BFC-9BCC-1DE7C14EEFEF}"
EndProject
Project("{00D1A9C2-B5F0-4AF3-8072-F6C62B433612}") = "TRMData", "TRMData\TRMData.sqlproj", "{2C377C39-8DF3-49A3-A5A9-189DC5F3D66B}"
EndProject
Project("{FAE04EC0-301F-11D3-BF4B-00C04F79EFBC}") = "TRMDesktopUI", "TRMDesktopUI\TRMDesktopUI.csproj", "{78059A1D-912D-4B19-9EF4-9ACC292313F3}"
EndProject
Project("{FAE04EC0-301F-11D3-BF4B-00C04F79EFBC}") = "TRMDataManager.Library", "TRMDataManager.Library\TRMDataManager.Library.csproj", "{43164ABF-D660-49F8-AE8B-B8968AB9F804}"
EndProject
Global
	GlobalSection(SolutionConfigurationPlatforms) = preSolution
		Debug|Any CPU = Debug|Any CPU
		Release|Any CPU = Release|Any CPU
	EndGlobalSection
	GlobalSection(ProjectConfigurationPlatforms) = postSolution
		{1C96F602-B1B1-4BFC-9BCC-1DE7C14EEFEF}.Debug|Any CPU.ActiveCfg = Debug|Any CPU
		{1C96F602-B1B1-4BFC-9BCC-1DE7C14EEFEF}.Debug|Any CPU.Build.0 = Debug|Any CPU
		{1C96F602-B1B1-4BFC-9BCC-1DE7C14EEFEF}.Release|Any CPU.ActiveCfg = Release|Any CPU
		{1C96F602-B1B1-4BFC-9BCC-1DE7C14EEFEF}.Release|Any CPU.Build.0 = Release|Any CPU
		{2C377C39-8DF3-49A3-A5A9-189DC5F3D66B}.Debug|Any CPU.ActiveCfg = Debug|Any CPU
		{2C377C39-8DF3-49A3-A5A9-189DC5F3D66B}.Debug|Any CPU.Build.0 = Debug|Any CPU
		{2C377C39-8DF3-49A3-A5A9-189DC5F3D66B}.Debug|Any CPU.Deploy.0 = Debug|Any CPU
		{2C377C39-8DF3-49A3-A5A9-189DC5F3D66B}.Release|Any CPU.ActiveCfg = Release|Any CPU
		{2C377C39-8DF3-49A3-A5A9-189DC5F3D66B}.Release|Any CPU.Build.0 = Release|Any CPU
		{2C377C39-8DF3-49A3-A5A9-189DC5F3D66B}.Release|Any CPU.Deploy.0 = Release|Any CPU
		{78059A1D-912D-4B19-9EF4-9ACC292313F3}.Debug|Any CPU.ActiveCfg = Debug|Any CPU
		{78059A1D-912D-4B19-9EF4-9ACC292313F3}.Debug|Any CPU.Build.0 = Debug|Any CPU
		{78059A1D-912D-4B19-9EF4-9ACC292313F3}.Release|Any CPU.ActiveCfg = Release|Any CPU
		{78059A1D-912D-4B19-9EF4-9ACC292313F3}.Release|Any CPU.Build.0 = Release|Any CPU
		{43164ABF-D660-49F8-AE8B-B8968AB9F804}.Debug|Any CPU.ActiveCfg = Debug|Any CPU
		{43164ABF-D660-49F8-AE8B-B8968AB9F804}.Debug|Any CPU.Build.0 = Debug|Any CPU
		{43164ABF-D660-49F8-AE8B-B8968AB9F804}.Release|Any CPU.ActiveCfg = Release|Any CPU
		{43164ABF-D660-49F8-AE8B-B8968AB9F804}.Release|Any CPU.Build.0 = Release|Any CPU
	EndGlobalSection
	GlobalSection(SolutionProperties) = preSolution
		HideSolutionNode = FALSE
	EndGlobalSection
	GlobalSection(ExtensibilityGlobals) = postSolution
		SolutionGuid = {C4B45369-F535-4D51-88D1-D82F7EB99182}
	EndGlobalSection
EndGlobal
